
Microsoft Visual Studio Solution File, Format Version 12.00
# Visual Studio Version 17
VisualStudioVersion = 17.5.33530.505
MinimumVisualStudioVersion = 10.0.40219.1
Project("{FAE04EC0-301F-11D3-BF4B-00C04F79EFBC}") = "Extension Detective", "Extension Detective\Extension Detective.csproj", "{2E052457-9680-42D7-B975-6DE5455001E8}"
EndProject
Global
	GlobalSection(SolutionConfigurationPlatforms) = preSolution
		Debug|Any CPU = Debug|Any CPU
		Release|Any CPU = Release|Any CPU
	EndGlobalSection
	GlobalSection(ProjectConfigurationPlatforms) = postSolution
		{2E052457-9680-42D7-B975-6DE5455001E8}.Debug|Any CPU.ActiveCfg = Debug|Any CPU
		{2E052457-9680-42D7-B975-6DE5455001E8}.Debug|Any CPU.Build.0 = Debug|Any CPU
		{2E052457-9680-42D7-B975-6DE5455001E8}.Release|Any CPU.ActiveCfg = Release|Any CPU
		{2E052457-9680-42D7-B975-6DE5455001E8}.Release|Any CPU.Build.0 = Release|Any CPU
	EndGlobalSection
	GlobalSection(SolutionProperties) = preSolution
		HideSolutionNode = FALSE
	EndGlobalSection
	GlobalSection(ExtensibilityGlobals) = postSolution
		SolutionGuid = {EF121475-F71D-4805-B45A-305858FEB1E6}
	EndGlobalSection
EndGlobal
